
Microsoft Visual Studio Solution File, Format Version 12.00
# Visual Studio 14
VisualStudioVersion = 14.0.25420.1
MinimumVisualStudioVersion = 10.0.40219.1
Project("{FAE04EC0-301F-11D3-BF4B-00C04F79EFBC}") = "WCFEjercicio01", "WCFEjercicio01\WCFEjercicio01.csproj", "{BB7A31A7-3948-4B1A-8290-48D871D16026}"
EndProject
Project("{FAE04EC0-301F-11D3-BF4B-00C04F79EFBC}") = "ASPEjercicio01", "ASPEjercicio01\ASPEjercicio01.csproj", "{3F14C46E-0AB4-4920-83BD-47060AA0AA0A}"
EndProject
Global
	GlobalSection(SolutionConfigurationPlatforms) = preSolution
		Debug|Any CPU = Debug|Any CPU
		Release|Any CPU = Release|Any CPU
	EndGlobalSection
	GlobalSection(ProjectConfigurationPlatforms) = postSolution
		{BB7A31A7-3948-4B1A-8290-48D871D16026}.Debug|Any CPU.ActiveCfg = Debug|Any CPU
		{BB7A31A7-3948-4B1A-8290-48D871D16026}.Debug|Any CPU.Build.0 = Debug|Any CPU
		{BB7A31A7-3948-4B1A-8290-48D871D16026}.Release|Any CPU.ActiveCfg = Release|Any CPU
		{BB7A31A7-3948-4B1A-8290-48D871D16026}.Release|Any CPU.Build.0 = Release|Any CPU
		{3F14C46E-0AB4-4920-83BD-47060AA0AA0A}.Debug|Any CPU.ActiveCfg = Debug|Any CPU
		{3F14C46E-0AB4-4920-83BD-47060AA0AA0A}.Debug|Any CPU.Build.0 = Debug|Any CPU
		{3F14C46E-0AB4-4920-83BD-47060AA0AA0A}.Release|Any CPU.ActiveCfg = Release|Any CPU
		{3F14C46E-0AB4-4920-83BD-47060AA0AA0A}.Release|Any CPU.Build.0 = Release|Any CPU
	EndGlobalSection
	GlobalSection(SolutionProperties) = preSolution
		HideSolutionNode = FALSE
	EndGlobalSection
EndGlobal
